// !$*UTF8*$!
{
	archiveVersion = 1;
	classes = {
	};
	objectVersion = 46;
	objects = {

/* Begin PBXBuildFile section */
		4EA1AD941CD0AE7B0033AB06 /* main.m in Sources */ = {isa = PBXBuildFile; fileRef = 4EA1AD931CD0AE7B0033AB06 /* main.m */; };
		4EA1AD971CD0AE7B0033AB06 /* AppDelegate.m in Sources */ = {isa = PBXBuildFile; fileRef = 4EA1AD961CD0AE7B0033AB06 /* AppDelegate.m */; };
		4EA1AD9A1CD0AE7B0033AB06 /* ViewController.m in Sources */ = {isa = PBXBuildFile; fileRef = 4EA1AD991CD0AE7B0033AB06 /* ViewController.m */; };
		4EA1AD9D1CD0AE7B0033AB06 /* Main.storyboard in Resources */ = {isa = PBXBuildFile; fileRef = 4EA1AD9B1CD0AE7B0033AB06 /* Main.storyboard */; };
		4EA1AD9F1CD0AE7B0033AB06 /* Images.xcassets in Resources */ = {isa = PBXBuildFile; fileRef = 4EA1AD9E1CD0AE7B0033AB06 /* Images.xcassets */; };
		4EA1ADA21CD0AE7B0033AB06 /* LaunchScreen.xib in Resources */ = {isa = PBXBuildFile; fileRef = 4EA1ADA01CD0AE7B0033AB06 /* LaunchScreen.xib */; };
		4EA1ADAE1CD0AE7B0033AB06 /* gitHubTests.m in Sources */ = {isa = PBXBuildFile; fileRef = 4EA1ADAD1CD0AE7B0033AB06 /* gitHubTests.m */; };
/* End PBXBuildFile section */

/* Begin PBXContainerItemProxy section */
		4EA1ADA81CD0AE7B0033AB06 /* PBXContainerItemProxy */ = {
			isa = PBXContainerItemProxy;
			containerPortal = 4EA1AD861CD0AE7B0033AB06 /* Project object */;
			proxyType = 1;
			remoteGlobalIDString = 4EA1AD8D1CD0AE7B0033AB06;
			remoteInfo = gitHub;
		};
/* End PBXContainerItemProxy section */

/* Begin PBXFileReference section */
		4EA1AD8E1CD0AE7B0033AB06 /* gitHub.app */ = {isa = PBXFileReference; explicitFileType = wrapper.application; includeInIndex = 0; path = gitHub.app; sourceTree = BUILT_PRODUCTS_DIR; };
		4EA1AD921CD0AE7B0033AB06 /* Info.plist */ = {isa = PBXFileReference; lastKnownFileType = text.plist.xml; path = Info.plist; sourceTree = "<group>"; };
		4EA1AD931CD0AE7B0033AB06 /* main.m */ = {isa = PBXFileReference; lastKnownFileType = sourcecode.c.objc; path = main.m; sourceTree = "<group>"; };
		4EA1AD951CD0AE7B0033AB06 /* AppDelegate.h */ = {isa = PBXFileReference; lastKnownFileType = sourcecode.c.h; path = AppDelegate.h; sourceTree = "<group>"; };
		4EA1AD961CD0AE7B0033AB06 /* AppDelegate.m */ = {isa = PBXFileReference; lastKnownFileType = sourcecode.c.objc; path = AppDelegate.m; sourceTree = "<group>"; };
		4EA1AD981CD0AE7B0033AB06 /* ViewController.h */ = {isa = PBXFileReference; lastKnownFileType = sourcecode.c.h; path = ViewController.h; sourceTree = "<group>"; };
		4EA1AD991CD0AE7B0033AB06 /* ViewController.m */ = {isa = PBXFileReference; lastKnownFileType = sourcecode.c.objc; path = ViewController.m; sourceTree = "<group>"; };
		4EA1AD9C1CD0AE7B0033AB06 /* Base */ = {isa = PBXFileReference; lastKnownFileType = file.storyboard; name = Base; path = Base.lproj/Main.storyboard; sourceTree = "<group>"; };
		4EA1AD9E1CD0AE7B0033AB06 /* Images.xcassets */ = {isa = PBXFileReference; lastKnownFileType = folder.assetcatalog; path = Images.xcassets; sourceTree = "<group>"; };
		4EA1ADA11CD0AE7B0033AB06 /* Base */ = {isa = PBXFileReference; lastKnownFileType = file.xib; name = Base; path = Base.lproj/LaunchScreen.xib; sourceTree = "<group>"; };
		4EA1ADA71CD0AE7B0033AB06 /* gitHubTests.xctest */ = {isa = PBXFileReference; explicitFileType = wrapper.cfbundle; includeInIndex = 0; path = gitHubTests.xctest; sourceTree = BUILT_PRODUCTS_DIR; };
		4EA1ADAC1CD0AE7B0033AB06 /* Info.plist */ = {isa = PBXFileReference; lastKnownFileType = text.plist.xml; path = Info.plist; sourceTree = "<group>"; };
		4EA1ADAD1CD0AE7B0033AB06 /* gitHubTests.m */ = {isa = PBXFileReference; lastKnownFileType = sourcecode.c.objc; path = gitHubTests.m; sourceTree = "<group>"; };
/* End PBXFileReference section */

/* Begin PBXFrameworksBuildPhase section */
		4EA1AD8B1CD0AE7B0033AB06 /* Frameworks */ = {
			isa = PBXFrameworksBuildPhase;
			buildActionMask = 2147483647;
			files = (
			);
			runOnlyForDeploymentPostprocessing = 0;
		};
		4EA1ADA41CD0AE7B0033AB06 /* Frameworks */ = {
			isa = PBXFrameworksBuildPhase;
			buildActionMask = 2147483647;
			files = (
			);
			runOnlyForDeploymentPostprocessing = 0;
		};
/* End PBXFrameworksBuildPhase section */

/* Begin PBXGroup section */
		4EA1AD851CD0AE7B0033AB06 = {
			isa = PBXGroup;
			children = (
				4EA1AD901CD0AE7B0033AB06 /* gitHub */,
				4EA1ADAA1CD0AE7B0033AB06 /* gitHubTests */,
				4EA1AD8F1CD0AE7B0033AB06 /* Products */,
			);
			sourceTree = "<group>";
		};
		4EA1AD8F1CD0AE7B0033AB06 /* Products */ = {
			isa = PBXGroup;
			children = (
				4EA1AD8E1CD0AE7B0033AB06 /* gitHub.app */,
				4EA1ADA71CD0AE7B0033AB06 /* gitHubTests.xctest */,
			);
			name = Products;
			sourceTree = "<group>";
		};
		4EA1AD901CD0AE7B0033AB06 /* gitHub */ = {
			isa = PBXGroup;
			children = (
				4EA1AD951CD0AE7B0033AB06 /* AppDelegate.h */,
				4EA1AD961CD0AE7B0033AB06 /* AppDelegate.m */,
				4EA1AD981CD0AE7B0033AB06 /* ViewController.h */,
				4EA1AD991CD0AE7B0033AB06 /* ViewController.m */,
				4EA1AD9B1CD0AE7B0033AB06 /* Main.storyboard */,
				4EA1AD9E1CD0AE7B0033AB06 /* Images.xcassets */,
				4EA1ADA01CD0AE7B0033AB06 /* LaunchScreen.xib */,
				4EA1AD911CD0AE7B0033AB06 /* Supporting Files */,
			);
			path = gitHub;
			sourceTree = "<group>";
		};
		4EA1AD911CD0AE7B0033AB06 /* Supporting Files */ = {
			isa = PBXGroup;
			children = (
				4EA1AD921CD0AE7B0033AB06 /* Info.plist */,
				4EA1AD931CD0AE7B0033AB06 /* main.m */,
			);
			name = "Supporting Files";
			sourceTree = "<group>";
		};
		4EA1ADAA1CD0AE7B0033AB06 /* gitHubTests */ = {
			isa = PBXGroup;
			children = (
				4EA1ADAD1CD0AE7B0033AB06 /* gitHubTests.m */,
				4EA1ADAB1CD0AE7B0033AB06 /* Supporting Files */,
			);
			path = gitHubTests;
			sourceTree = "<group>";
		};
		4EA1ADAB1CD0AE7B0033AB06 /* Supporting Files */ = {
			isa = PBXGroup;
			children = (
				4EA1ADAC1CD0AE7B0033AB06 /* Info.plist */,
			);
			name = "Supporting Files";
			sourceTree = "<group>";
		};
/* End PBXGroup section */

/* Begin PBXNativeTarget section */
		4EA1AD8D1CD0AE7B0033AB06 /* gitHub */ = {
			isa = PBXNativeTarget;
			buildConfigurationList = 4EA1ADB11CD0AE7B0033AB06 /* Build configuration list for PBXNativeTarget "gitHub" */;
			buildPhases = (
				4EA1AD8A1CD0AE7B0033AB06 /* Sources */,
				4EA1AD8B1CD0AE7B0033AB06 /* Frameworks */,
				4EA1AD8C1CD0AE7B0033AB06 /* Resources */,
			);
			buildRules = (
			);
			dependencies = (
			);
			name = gitHub;
			productName = gitHub;
			productReference = 4EA1AD8E1CD0AE7B0033AB06 /* gitHub.app */;
			productType = "com.apple.product-type.application";
		};
		4EA1ADA61CD0AE7B0033AB06 /* gitHubTests */ = {
			isa = PBXNativeTarget;
			buildConfigurationList = 4EA1ADB41CD0AE7B0033AB06 /* Build configuration list for PBXNativeTarget "gitHubTests" */;
			buildPhases = (
				4EA1ADA31CD0AE7B0033AB06 /* Sources */,
				4EA1ADA41CD0AE7B0033AB06 /* Frameworks */,
				4EA1ADA51CD0AE7B0033AB06 /* Resources */,
			);
			buildRules = (
			);
			dependencies = (
				4EA1ADA91CD0AE7B0033AB06 /* PBXTargetDependency */,
			);
			name = gitHubTests;
			productName = gitHubTests;
			productReference = 4EA1ADA71CD0AE7B0033AB06 /* gitHubTests.xctest */;
			productType = "com.apple.product-type.bundle.unit-test";
		};
/* End PBXNativeTarget section */

/* Begin PBXProject section */
		4EA1AD861CD0AE7B0033AB06 /* Project object */ = {
			isa = PBXProject;
			attributes = {
				LastUpgradeCheck = 0610;
				ORGANIZATIONNAME = Jerry;
				TargetAttributes = {
					4EA1AD8D1CD0AE7B0033AB06 = {
						CreatedOnToolsVersion = 6.1;
					};
					4EA1ADA61CD0AE7B0033AB06 = {
						CreatedOnToolsVersion = 6.1;
						TestTargetID = 4EA1AD8D1CD0AE7B0033AB06;
					};
				};
			};
			buildConfigurationList = 4EA1AD891CD0AE7B0033AB06 /* Build configuration list for PBXProject "gitHub" */;
			compatibilityVersion = "Xcode 3.2";
			developmentRegion = English;
			hasScannedForEncodings = 0;
			knownRegions = (
				en,
				Base,
			);
			mainGroup = 4EA1AD851CD0AE7B0033AB06;
			productRefGroup = 4EA1AD8F1CD0AE7B0033AB06 /* Products */;
			projectDirPath = "";
			projectRoot = "";
			targets = (
				4EA1AD8D1CD0AE7B0033AB06 /* gitHub */,
				4EA1ADA61CD0AE7B0033AB06 /* gitHubTests */,
			);
		};
/* End PBXProject section */

/* Begin PBXResourcesBuildPhase section */
		4EA1AD8C1CD0AE7B0033AB06 /* Resources */ = {
			isa = PBXResourcesBuildPhase;
			buildActionMask = 2147483647;
			files = (
				4EA1AD9D1CD0AE7B0033AB06 /* Main.storyboard in Resources */,
				4EA1ADA21CD0AE7B0033AB06 /* LaunchScreen.xib in Resources */,
				4EA1AD9F1CD0AE7B0033AB06 /* Images.xcassets in Resources */,
			);
			runOnlyForDeploymentPostprocessing = 0;
		};
		4EA1ADA51CD0AE7B0033AB06 /* Resources */ = {
			isa = PBXResourcesBuildPhase;
			buildActionMask = 2147483647;
			files = (
			);
			runOnlyForDeploymentPostprocessing = 0;
		};
/* End PBXResourcesBuildPhase section */

/* Begin PBXSourcesBuildPhase section */
		4EA1AD8A1CD0AE7B0033AB06 /* Sources */ = {
			isa = PBXSourcesBuildPhase;
			buildActionMask = 2147483647;
			files = (
				4EA1AD9A1CD0AE7B0033AB06 /* ViewController.m in Sources */,
				4EA1AD971CD0AE7B0033AB06 /* AppDelegate.m in Sources */,
				4EA1AD941CD0AE7B0033AB06 /* main.m in Sources */,
			);
			runOnlyForDeploymentPostprocessing = 0;
		};
		4EA1ADA31CD0AE7B0033AB06 /* Sources */ = {
			isa = PBXSourcesBuildPhase;
			buildActionMask = 2147483647;
			files = (
				4EA1ADAE1CD0AE7B0033AB06 /* gitHubTests.m in Sources */,
			);
			runOnlyForDeploymentPostprocessing = 0;
		};
/* End PBXSourcesBuildPhase section */

/* Begin PBXTargetDependency section */
		4EA1ADA91CD0AE7B0033AB06 /* PBXTargetDependency */ = {
			isa = PBXTargetDependency;
			target = 4EA1AD8D1CD0AE7B0033AB06 /* gitHub */;
			targetProxy = 4EA1ADA81CD0AE7B0033AB06 /* PBXContainerItemProxy */;
		};
/* End PBXTargetDependency section */

/* Begin PBXVariantGroup section */
		4EA1AD9B1CD0AE7B0033AB06 /* Main.storyboard */ = {
			isa = PBXVariantGroup;
			children = (
				4EA1AD9C1CD0AE7B0033AB06 /* Base */,
			);
			name = Main.storyboard;
			sourceTree = "<group>";
		};
		4EA1ADA01CD0AE7B0033AB06 /* LaunchScreen.xib */ = {
			isa = PBXVariantGroup;
			children = (
				4EA1ADA11CD0AE7B0033AB06 /* Base */,
			);
			name = LaunchScreen.xib;
			sourceTree = "<group>";
		};
/* End PBXVariantGroup section */

/* Begin XCBuildConfiguration section */
		4EA1ADAF1CD0AE7B0033AB06 /* Debug */ = {
			isa = XCBuildConfiguration;
			buildSettings = {
				ALWAYS_SEARCH_USER_PATHS = NO;
				CLANG_CXX_LANGUAGE_STANDARD = "gnu++0x";
				CLANG_CXX_LIBRARY = "libc++";
				CLANG_ENABLE_MODULES = YES;
				CLANG_ENABLE_OBJC_ARC = YES;
				CLANG_WARN_BOOL_CONVERSION = YES;
				CLANG_WARN_CONSTANT_CONVERSION = YES;
				CLANG_WARN_DIRECT_OBJC_ISA_USAGE = YES_ERROR;
				CLANG_WARN_EMPTY_BODY = YES;
				CLANG_WARN_ENUM_CONVERSION = YES;
				CLANG_WARN_INT_CONVERSION = YES;
				CLANG_WARN_OBJC_ROOT_CLASS = YES_ERROR;
				CLANG_WARN_UNREACHABLE_CODE = YES;
				CLANG_WARN__DUPLICATE_METHOD_MATCH = YES;
				"CODE_SIGN_IDENTITY[sdk=iphoneos*]" = "iPhone Developer";
				COPY_PHASE_STRIP = NO;
				ENABLE_STRICT_OBJC_MSGSEND = YES;
				GCC_C_LANGUAGE_STANDARD = gnu99;
				GCC_DYNAMIC_NO_PIC = NO;
				GCC_OPTIMIZATION_LEVEL = 0;
				GCC_PREPROCESSOR_DEFINITIONS = (
					"DEBUG=1",
					"$(inherited)",
				);
				GCC_SYMBOLS_PRIVATE_EXTERN = NO;
				GCC_WARN_64_TO_32_BIT_CONVERSION = YES;
				GCC_WARN_ABOUT_RETURN_TYPE = YES_ERROR;
				GCC_WARN_UNDECLARED_SELECTOR = YES;
				GCC_WARN_UNINITIALIZED_AUTOS = YES_AGGRESSIVE;
				GCC_WARN_UNUSED_FUNCTION = YES;
				GCC_WARN_UNUSED_VARIABLE = YES;
				IPHONEOS_DEPLOYMENT_TARGET = 8.1;
				MTL_ENABLE_DEBUG_INFO = YES;
				ONLY_ACTIVE_ARCH = YES;
				SDKROOT = iphoneos;
			};
			name = Debug;
		};
		4EA1ADB01CD0AE7B0033AB06 /* Release */ = {
			isa = XCBuildConfiguration;
			buildSettings = {
				ALWAYS_SEARCH_USER_PATHS = NO;
				CLANG_CXX_LANGUAGE_STANDARD = "gnu++0x";
				CLANG_CXX_LIBRARY = "libc++";
				CLANG_ENABLE_MODULES = YES;
				CLANG_ENABLE_OBJC_ARC = YES;
				CLANG_WARN_BOOL_CONVERSION = YES;
				CLANG_WARN_CONSTANT_CONVERSION = YES;
				CLANG_WARN_DIRECT_OBJC_ISA_USAGE = YES_ERROR;
				CLANG_WARN_EMPTY_BODY = YES;
				CLANG_WARN_ENUM_CONVERSION = YES;
				CLANG_WARN_INT_CONVERSION = YES;
				CLANG_WARN_OBJC_ROOT_CLASS = YES_ERROR;
				CLANG_WARN_UNREACHABLE_CODE = YES;
				CLANG_WARN__DUPLICATE_METHOD_MATCH = YES;
				"CODE_SIGN_IDENTITY[sdk=iphoneos*]" = "iPhone Developer";
				COPY_PHASE_STRIP = YES;
				ENABLE_NS_ASSERTIONS = NO;
				ENABLE_STRICT_OBJC_MSGSEND = YES;
				GCC_C_LANGUAGE_STANDARD = gnu99;
				GCC_WARN_64_TO_32_BIT_CONVERSION = YES;
				GCC_WARN_ABOUT_RETURN_TYPE = YES_ERROR;
				GCC_WARN_UNDECLARED_SELECTOR = YES;
				GCC_WARN_UNINITIALIZED_AUTOS = YES_AGGRESSIVE;
				GCC_WARN_UNUSED_FUNCTION = YES;
				GCC_WARN_UNUSED_VARIABLE = YES;
				IPHONEOS_DEPLOYMENT_TARGET = 8.1;
				MTL_ENABLE_DEBUG_INFO = NO;
				SDKROOT = iphoneos;
				VALIDATE_PRODUCT = YES;
			};
			name = Release;
		};
		4EA1ADB21CD0AE7B0033AB06 /* Debug */ = {
			isa = XCBuildConfiguration;
			buildSettings = {
				ASSETCATALOG_COMPILER_APPICON_NAME = AppIcon;
				INFOPLIST_FILE = gitHub/Info.plist;
				LD_RUNPATH_SEARCH_PATHS = "$(inherited) @executable_path/Frameworks";
				PRODUCT_NAME = "$(TARGET_NAME)";
			};
			name = Debug;
		};
		4EA1ADB31CD0AE7B0033AB06 /* Release */ = {
			isa = XCBuildConfiguration;
			buildSettings = {
				ASSETCATALOG_COMPILER_APPICON_NAME = AppIcon;
				INFOPLIST_FILE = gitHub/Info.plist;
				LD_RUNPATH_SEARCH_PATHS = "$(inherited) @executable_path/Frameworks";
				PRODUCT_NAME = "$(TARGET_NAME)";
			};
			name = Release;
		};
		4EA1ADB51CD0AE7B0033AB06 /* Debug */ = {
			isa = XCBuildConfiguration;
			buildSettings = {
				BUNDLE_LOADER = "$(TEST_HOST)";
				FRAMEWORK_SEARCH_PATHS = (
					"$(SDKROOT)/Developer/Library/Frameworks",
					"$(inherited)",
				);
				GCC_PREPROCESSOR_DEFINITIONS = (
					"DEBUG=1",
					"$(inherited)",
				);
				INFOPLIST_FILE = gitHubTests/Info.plist;
				LD_RUNPATH_SEARCH_PATHS = "$(inherited) @executable_path/Frameworks @loader_path/Frameworks";
				PRODUCT_NAME = "$(TARGET_NAME)";
				TEST_HOST = "$(BUILT_PRODUCTS_DIR)/gitHub.app/gitHub";
			};
			name = Debug;
		};
		4EA1ADB61CD0AE7B0033AB06 /* Release */ = {
			isa = XCBuildConfiguration;
			buildSettings = {
				BUNDLE_LOADER = "$(TEST_HOST)";
				FRAMEWORK_SEARCH_PATHS = (
					"$(SDKROOT)/Developer/Library/Frameworks",
					"$(inherited)",
				);
				INFOPLIST_FILE = gitHubTests/Info.plist;
				LD_RUNPATH_SEARCH_PATHS = "$(inherited) @executable_path/Frameworks @loader_path/Frameworks";
				PRODUCT_NAME = "$(TARGET_NAME)";
				TEST_HOST = "$(BUILT_PRODUCTS_DIR)/gitHub.app/gitHub";
			};
			name = Release;
		};
/* End XCBuildConfiguration section */

/* Begin XCConfigurationList section */
		4EA1AD891CD0AE7B0033AB06 /* Build configuration list for PBXProject "gitHub" */ = {
			isa = XCConfigurationList;
			buildConfigurations = (
				4EA1ADAF1CD0AE7B0033AB06 /* Debug */,
				4EA1ADB01CD0AE7B0033AB06 /* Release */,
			);
			defaultConfigurationIsVisible = 0;
			defaultConfigurationName = Release;
		};
		4EA1ADB11CD0AE7B0033AB06 /* Build configuration list for PBXNativeTarget "gitHub" */ = {
			isa = XCConfigurationList;
			buildConfigurations = (
				4EA1ADB21CD0AE7B0033AB06 /* Debug */,
				4EA1ADB31CD0AE7B0033AB06 /* Release */,
			);
			defaultConfigurationIsVisible = 0;
		};
		4EA1ADB41CD0AE7B0033AB06 /* Build configuration list for PBXNativeTarget "gitHubTests" */ = {
			isa = XCConfigurationList;
			buildConfigurations = (
				4EA1ADB51CD0AE7B0033AB06 /* Debug */,
				4EA1ADB61CD0AE7B0033AB06 /* Release */,
			);
			defaultConfigurationIsVisible = 0;
		};
/* End XCConfigurationList section */
	};
	rootObject = 4EA1AD861CD0AE7B0033AB06 /* Project object */;
}
